<?xml version="1.0" encoding="utf-8"?>
<Project ToolsVersion="4.0" xmlns="http://schemas.microsoft.com/developer/msbuild/2003">
  <ItemGroup>
    <Filter Include="ソース ファイル">
      <UniqueIdentifier>{4FC737F1-C7A5-4376-A066-2A32D752A2FF}</UniqueIdentifier>
      <Extensions>cpp;c;cc;cxx;def;odl;idl;hpj;bat;asm;asmx</Extensions>
    </Filter>
    <Filter Include="ヘッダー ファイル">
      <UniqueIdentifier>{93995380-89BD-4b04-88EB-625FBE52EBFB}</UniqueIdentifier>
      <Extensions>h;hpp;hxx;hm;inl;inc;xsd</Extensions>
    </Filter>
    <Filter Include="リソース ファイル">
      <UniqueIdentifier>{67DA6AB6-F800-4c08-8B7A-83BB121AAD01}</UniqueIdentifier>
      <Extensions>rc;ico;cur;bmp;dlg;rc2;rct;bin;rgs;gif;jpg;jpeg;jpe;resx;tiff;tif;png;wav;mfcribbon-ms</Extensions>
    </Filter>
    <Filter Include="ヘッダー ファイル\DelFEM4Net">
      <UniqueIdentifier>{9cda5a8f-c568-408f-8941-437ab7bd79ba}</UniqueIdentifier>
    </Filter>
    <Filter Include="ヘッダー ファイル\DelFEM4Net\cad">
      <UniqueIdentifier>{a8c473dc-e431-412e-954b-1ec25653d262}</UniqueIdentifier>
    </Filter>
    <Filter Include="ヘッダー ファイル\DelFEM4Net\stub">
      <UniqueIdentifier>{92597e2e-4803-4705-9f8b-05ac91245093}</UniqueIdentifier>
    </Filter>
    <Filter Include="ソース ファイル\cad">
      <UniqueIdentifier>{ea2f0d4b-0716-4189-bde9-8ca3a81fc4ac}</UniqueIdentifier>
    </Filter>
    <Filter Include="ソース ファイル\com">
      <UniqueIdentifier>{95364453-f6c8-4118-8fec-e0057979e645}</UniqueIdentifier>
    </Filter>
    <Filter Include="ヘッダー ファイル\DelFEM4Net\msh">
      <UniqueIdentifier>{99c60f46-7092-40be-ab27-78d383600b53}</UniqueIdentifier>
    </Filter>
    <Filter Include="ソース ファイル\msh">
      <UniqueIdentifier>{d5942e1b-95c9-4a9d-ae88-e9966091a36e}</UniqueIdentifier>
    </Filter>
    <Filter Include="ヘッダー ファイル\DelFEM4Net\matvec">
      <UniqueIdentifier>{88ad5609-819c-4c03-9ecc-828081e6fe44}</UniqueIdentifier>
    </Filter>
    <Filter Include="ソース ファイル\femfield">
      <UniqueIdentifier>{6b9c853b-2136-4dbb-966d-c4b2adbff7ed}</UniqueIdentifier>
    </Filter>
    <Filter Include="ソース ファイル\matvec">
      <UniqueIdentifier>{95e8920f-bd66-4589-b5e7-69b6205c89ee}</UniqueIdentifier>
    </Filter>
    <Filter Include="ソース ファイル\stub">
      <UniqueIdentifier>{42358022-f9cb-487b-a9c9-44692759f2d4}</UniqueIdentifier>
    </Filter>
    <Filter Include="ソース ファイル\femeqn">
      <UniqueIdentifier>{d07fe733-9bfd-4468-9f9a-53cb96c8e91a}</UniqueIdentifier>
    </Filter>
    <Filter Include="ヘッダー ファイル\DelFEM4Net\femls">
      <UniqueIdentifier>{5253a415-003c-48f1-83ae-17bc9cc20c0c}</UniqueIdentifier>
    </Filter>
    <Filter Include="ヘッダー ファイル\DelFEM4Net\ls">
      <UniqueIdentifier>{d17f14ca-19af-4272-96e1-3d0b25f9b0be}</UniqueIdentifier>
    </Filter>
    <Filter Include="ソース ファイル\femls">
      <UniqueIdentifier>{9612bfa3-5e59-44b4-904b-daf2ac747425}</UniqueIdentifier>
    </Filter>
    <Filter Include="ソース ファイル\ls">
      <UniqueIdentifier>{e267bf6d-0ef6-4292-96cb-22a95ec0dd13}</UniqueIdentifier>
    </Filter>
    <Filter Include="ヘッダー ファイル\DelFEM4Net\femeqn">
      <UniqueIdentifier>{b861dfa6-0b37-4340-8cb6-0834f1fa0330}</UniqueIdentifier>
    </Filter>
    <Filter Include="ヘッダー ファイル\DelFEM4Net\rigid">
      <UniqueIdentifier>{0e5ecdb2-23ab-43cf-b0ca-d63859795621}</UniqueIdentifier>
    </Filter>
    <Filter Include="ソース ファイル\rigid">
      <UniqueIdentifier>{7ecd4539-c527-4464-889b-db0c9cba73cd}</UniqueIdentifier>
    </Filter>
  </ItemGroup>
  <ItemGroup>
    <ClInclude Include="DelFEM4Net.h">
      <Filter>ヘッダー ファイル</Filter>
    </ClInclude>
    <ClInclude Include="include\DelFEM4Net\cad_com.h">
      <Filter>ヘッダー ファイル\DelFEM4Net</Filter>
    </ClInclude>
    <ClInclude Include="include\DelFEM4Net\cad_obj2d.h">
      <Filter>ヘッダー ファイル\DelFEM4Net</Filter>
    </ClInclude>
    <ClInclude Include="include\DelFEM4Net\cad2d_interface.h">
      <Filter>ヘッダー ファイル\DelFEM4Net</Filter>
    </ClInclude>
    <ClInclude Include="include\DelFEM4Net\objset.h">
      <Filter>ヘッダー ファイル\DelFEM4Net</Filter>
    </ClInclude>
    <ClInclude Include="include\DelFEM4Net\serialize.h">
      <Filter>ヘッダー ファイル\DelFEM4Net</Filter>
    </ClInclude>
    <ClInclude Include="include\DelFEM4Net\vector2d.h">
      <Filter>ヘッダー ファイル\DelFEM4Net</Filter>
    </ClInclude>
    <ClInclude Include="include\DelFEM4Net\cad\brep2d.h">
      <Filter>ヘッダー ファイル\DelFEM4Net\cad</Filter>
    </ClInclude>
    <ClInclude Include="include\DelFEM4Net\cad\cad_elem2d.h">
      <Filter>ヘッダー ファイル\DelFEM4Net\cad</Filter>
    </ClInclude>
    <ClInclude Include="include\DelFEM4Net\stub\clr_stub.h">
      <Filter>ヘッダー ファイル\DelFEM4Net\stub</Filter>
    </ClInclude>
    <ClInclude Include="include\DelFEM4Net\drawer.h">
      <Filter>ヘッダー ファイル\DelFEM4Net</Filter>
    </ClInclude>
    <ClInclude Include="include\DelFEM4Net\drawer_cad.h">
      <Filter>ヘッダー ファイル\DelFEM4Net</Filter>
    </ClInclude>
    <ClInclude Include="include\DelFEM4Net\vector3d.h">
      <Filter>ヘッダー ファイル\DelFEM4Net</Filter>
    </ClInclude>
    <ClInclude Include="include\DelFEM4Net\camera.h">
      <Filter>ヘッダー ファイル\DelFEM4Net</Filter>
    </ClInclude>
    <ClInclude Include="include\DelFEM4Net\drawer_gl_utility.h">
      <Filter>ヘッダー ファイル\DelFEM4Net</Filter>
    </ClInclude>
    <ClInclude Include="include\DelFEM4Net\cad_obj3d.h">
      <Filter>ヘッダー ファイル\DelFEM4Net</Filter>
    </ClInclude>
    <ClInclude Include="include\DelFEM4Net\drawer_cad3d.h">
      <Filter>ヘッダー ファイル\DelFEM4Net</Filter>
    </ClInclude>
    <ClInclude Include="include\DelFEM4Net\drawer_msh.h">
      <Filter>ヘッダー ファイル\DelFEM4Net</Filter>
    </ClInclude>
    <ClInclude Include="include\DelFEM4Net\mesh_interface.h">
      <Filter>ヘッダー ファイル\DelFEM4Net</Filter>
    </ClInclude>
    <ClInclude Include="include\DelFEM4Net\mesh3d.h">
      <Filter>ヘッダー ファイル\DelFEM4Net</Filter>
    </ClInclude>
    <ClInclude Include="include\DelFEM4Net\mesher2d.h">
      <Filter>ヘッダー ファイル\DelFEM4Net</Filter>
    </ClInclude>
    <ClInclude Include="include\DelFEM4Net\cad\cad_elem3d.h">
      <Filter>ヘッダー ファイル\DelFEM4Net\cad</Filter>
    </ClInclude>
    <ClInclude Include="include\DelFEM4Net\msh\meshkernel2d.h">
      <Filter>ヘッダー ファイル\DelFEM4Net\msh</Filter>
    </ClInclude>
    <ClInclude Include="include\DelFEM4Net\msh\meshkernel3d.h">
      <Filter>ヘッダー ファイル\DelFEM4Net\msh</Filter>
    </ClInclude>
    <ClInclude Include="include\DelFEM4Net\elem_ary.h">
      <Filter>ヘッダー ファイル\DelFEM4Net</Filter>
    </ClInclude>
    <ClInclude Include="include\DelFEM4Net\field.h">
      <Filter>ヘッダー ファイル\DelFEM4Net</Filter>
    </ClInclude>
    <ClInclude Include="include\DelFEM4Net\node_ary.h">
      <Filter>ヘッダー ファイル\DelFEM4Net</Filter>
    </ClInclude>
    <ClInclude Include="include\DelFEM4Net\complex.h">
      <Filter>ヘッダー ファイル\DelFEM4Net</Filter>
    </ClInclude>
    <ClInclude Include="include\DelFEM4Net\indexed_array.h">
      <Filter>ヘッダー ファイル\DelFEM4Net</Filter>
    </ClInclude>
    <ClInclude Include="include\DelFEM4Net\field_value_setter.h">
      <Filter>ヘッダー ファイル\DelFEM4Net</Filter>
    </ClInclude>
    <ClInclude Include="include\DelFEM4Net\field_world.h">
      <Filter>ヘッダー ファイル\DelFEM4Net</Filter>
    </ClInclude>
    <ClInclude Include="include\DelFEM4Net\eval.h">
      <Filter>ヘッダー ファイル\DelFEM4Net</Filter>
    </ClInclude>
    <ClInclude Include="include\DelFEM4Net\matvec\bcflag_blk.h">
      <Filter>ヘッダー ファイル\DelFEM4Net\matvec</Filter>
    </ClInclude>
    <ClInclude Include="include\DelFEM4Net\matvec\vector_blk.h">
      <Filter>ヘッダー ファイル\DelFEM4Net\matvec</Filter>
    </ClInclude>
    <ClInclude Include="include\DelFEM4Net\matvec\zvector_blk.h">
      <Filter>ヘッダー ファイル\DelFEM4Net\matvec</Filter>
    </ClInclude>
    <ClInclude Include="include\DelFEM4Net\drawer_field.h">
      <Filter>ヘッダー ファイル\DelFEM4Net</Filter>
    </ClInclude>
    <ClInclude Include="include\DelFEM4Net\drawer_field_edge.h">
      <Filter>ヘッダー ファイル\DelFEM4Net</Filter>
    </ClInclude>
    <ClInclude Include="include\DelFEM4Net\drawer_field_face.h">
      <Filter>ヘッダー ファイル\DelFEM4Net</Filter>
    </ClInclude>
    <ClInclude Include="include\DelFEM4Net\drawer_field_vector.h">
      <Filter>ヘッダー ファイル\DelFEM4Net</Filter>
    </ClInclude>
    <ClInclude Include="include\DelFEM4Net\eqnsys.h">
      <Filter>ヘッダー ファイル\DelFEM4Net</Filter>
    </ClInclude>
    <ClInclude Include="include\DelFEM4Net\eqnsys_solid.h">
      <Filter>ヘッダー ファイル\DelFEM4Net</Filter>
    </ClInclude>
    <ClInclude Include="include\DelFEM4Net\linearsystem_interface_eqnsys.h">
      <Filter>ヘッダー ファイル\DelFEM4Net</Filter>
    </ClInclude>
    <ClInclude Include="include\DelFEM4Net\femls\linearsystem_field.h">
      <Filter>ヘッダー ファイル\DelFEM4Net\femls</Filter>
    </ClInclude>
    <ClInclude Include="include\DelFEM4Net\femls\linearsystem_fieldsave.h">
      <Filter>ヘッダー ファイル\DelFEM4Net\femls</Filter>
    </ClInclude>
    <ClInclude Include="include\DelFEM4Net\matvec\diamat_blk.h">
      <Filter>ヘッダー ファイル\DelFEM4Net\matvec</Filter>
    </ClInclude>
    <ClInclude Include="include\DelFEM4Net\matvec\ker_mat.h">
      <Filter>ヘッダー ファイル\DelFEM4Net\matvec</Filter>
    </ClInclude>
    <ClInclude Include="include\DelFEM4Net\matvec\mat_blkcrs.h">
      <Filter>ヘッダー ファイル\DelFEM4Net\matvec</Filter>
    </ClInclude>
    <ClInclude Include="include\DelFEM4Net\matvec\matdia_blkcrs.h">
      <Filter>ヘッダー ファイル\DelFEM4Net\matvec</Filter>
    </ClInclude>
    <ClInclude Include="include\DelFEM4Net\matvec\ordering_blk.h">
      <Filter>ヘッダー ファイル\DelFEM4Net\matvec</Filter>
    </ClInclude>
    <ClInclude Include="include\DelFEM4Net\ls\eigen_lanczos.h">
      <Filter>ヘッダー ファイル\DelFEM4Net\ls</Filter>
    </ClInclude>
    <ClInclude Include="include\DelFEM4Net\ls\linearsystem.h">
      <Filter>ヘッダー ファイル\DelFEM4Net\ls</Filter>
    </ClInclude>
    <ClInclude Include="include\DelFEM4Net\ls\linearsystem_interface_solver.h">
      <Filter>ヘッダー ファイル\DelFEM4Net\ls</Filter>
    </ClInclude>
    <ClInclude Include="include\DelFEM4Net\ls\preconditioner.h">
      <Filter>ヘッダー ファイル\DelFEM4Net\ls</Filter>
    </ClInclude>
    <ClInclude Include="include\DelFEM4Net\ls\solver_ls_iter.h">
      <Filter>ヘッダー ファイル\DelFEM4Net\ls</Filter>
    </ClInclude>
    <ClInclude Include="include\DelFEM4Net\femeqn\eqn_st_venant.h">
      <Filter>ヘッダー ファイル\DelFEM4Net\femeqn</Filter>
    </ClInclude>
    <ClInclude Include="include\DelFEM4Net\cad_obj2d_move.h">
      <Filter>ヘッダー ファイル\DelFEM4Net</Filter>
    </ClInclude>
    <ClInclude Include="include\DelFEM4Net\cad\brep.h">
      <Filter>ヘッダー ファイル\DelFEM4Net\cad</Filter>
    </ClInclude>
    <ClInclude Include="include\DelFEM4Net\cad\cad_svg.h">
      <Filter>ヘッダー ファイル\DelFEM4Net\cad</Filter>
    </ClInclude>
    <ClInclude Include="include\DelFEM4Net\matvec\zmat_blkcrs.h">
      <Filter>ヘッダー ファイル\DelFEM4Net\matvec</Filter>
    </ClInclude>
    <ClInclude Include="include\DelFEM4Net\matvec\zmatdia_blkcrs.h">
      <Filter>ヘッダー ファイル\DelFEM4Net\matvec</Filter>
    </ClInclude>
    <ClInclude Include="include\DelFEM4Net\femls\zlinearsystem.h">
      <Filter>ヘッダー ファイル\DelFEM4Net\femls</Filter>
    </ClInclude>
    <ClInclude Include="include\DelFEM4Net\femls\zpreconditioner.h">
      <Filter>ヘッダー ファイル\DelFEM4Net\femls</Filter>
    </ClInclude>
    <ClInclude Include="include\DelFEM4Net\femls\zsolver_ls_iter.h">
      <Filter>ヘッダー ファイル\DelFEM4Net\femls</Filter>
    </ClInclude>
    <ClInclude Include="include\DelFEM4Net\femeqn\eqn_helmholtz.h">
      <Filter>ヘッダー ファイル\DelFEM4Net\femeqn</Filter>
    </ClInclude>
    <ClInclude Include="include\DelFEM4Net\femeqn\eqn_linear_solid2d.h">
      <Filter>ヘッダー ファイル\DelFEM4Net\femeqn</Filter>
    </ClInclude>
    <ClInclude Include="include\DelFEM4Net\femeqn\eqn_linear_solid3d.h">
      <Filter>ヘッダー ファイル\DelFEM4Net\femeqn</Filter>
    </ClInclude>
    <ClInclude Include="include\DelFEM4Net\eqnsys_scalar.h">
      <Filter>ヘッダー ファイル\DelFEM4Net</Filter>
    </ClInclude>
    <ClInclude Include="include\DelFEM4Net\femeqn\eqn_advection_diffusion.h">
      <Filter>ヘッダー ファイル\DelFEM4Net\femeqn</Filter>
    </ClInclude>
    <ClInclude Include="include\DelFEM4Net\femeqn\eqn_diffusion.h">
      <Filter>ヘッダー ファイル\DelFEM4Net\femeqn</Filter>
    </ClInclude>
    <ClInclude Include="include\DelFEM4Net\femeqn\eqn_poisson.h">
      <Filter>ヘッダー ファイル\DelFEM4Net\femeqn</Filter>
    </ClInclude>
    <ClInclude Include="include\DelFEM4Net\eqnsys_fluid.h">
      <Filter>ヘッダー ファイル\DelFEM4Net</Filter>
    </ClInclude>
    <ClInclude Include="include\DelFEM4Net\femeqn\eqn_navier_stokes.h">
      <Filter>ヘッダー ファイル\DelFEM4Net\femeqn</Filter>
    </ClInclude>
    <ClInclude Include="include\DelFEM4Net\femeqn\eqn_stokes.h">
      <Filter>ヘッダー ファイル\DelFEM4Net\femeqn</Filter>
    </ClInclude>
    <ClInclude Include="include\DelFEM4Net\drawer_field_image_based_flow_vis.h">
      <Filter>ヘッダー ファイル\DelFEM4Net</Filter>
    </ClInclude>
    <ClInclude Include="include\DelFEM4Net\drawer_field_streamline.h">
      <Filter>ヘッダー ファイル\DelFEM4Net</Filter>
    </ClInclude>
    <ClInclude Include="include\DelFEM4Net\femeqn\ker_emat_tri.h">
      <Filter>ヘッダー ファイル\DelFEM4Net\femeqn</Filter>
    </ClInclude>
    <ClInclude Include="include\DelFEM4Net\femeqn\ker_emat_bar.h">
      <Filter>ヘッダー ファイル\DelFEM4Net\femeqn</Filter>
    </ClInclude>
    <ClInclude Include="include\DelFEM4Net\femeqn\ker_emat_hex.h">
      <Filter>ヘッダー ファイル\DelFEM4Net\femeqn</Filter>
    </ClInclude>
    <ClInclude Include="include\DelFEM4Net\femeqn\ker_emat_quad.h">
      <Filter>ヘッダー ファイル\DelFEM4Net\femeqn</Filter>
    </ClInclude>
    <ClInclude Include="include\DelFEM4Net\femeqn\ker_emat_tet.h">
      <Filter>ヘッダー ファイル\DelFEM4Net\femeqn</Filter>
    </ClInclude>
    <ClInclude Include="include\DelFEM4Net\rigid\linearsystem_rigid.h">
      <Filter>ヘッダー ファイル\DelFEM4Net\rigid</Filter>
    </ClInclude>
    <ClInclude Include="include\DelFEM4Net\rigid\linearsystem_rigidfield.h">
      <Filter>ヘッダー ファイル\DelFEM4Net\rigid</Filter>
    </ClInclude>
    <ClInclude Include="include\DelFEM4Net\rigid\rigidbody.h">
      <Filter>ヘッダー ファイル\DelFEM4Net\rigid</Filter>
    </ClInclude>
    <ClInclude Include="include\DelFEM4Net\stub\native_stub.h">
      <Filter>ヘッダー ファイル\DelFEM4Net\stub</Filter>
    </ClInclude>
  </ItemGroup>
  <ItemGroup>
    <ClCompile Include="DelFEM4Net.cpp">
      <Filter>ソース ファイル</Filter>
    </ClCompile>
    <ClCompile Include="src\cad\brep2d.cpp">
      <Filter>ソース ファイル\cad</Filter>
    </ClCompile>
    <ClCompile Include="src\cad\cad_elem2d.cpp">
      <Filter>ソース ファイル\cad</Filter>
    </ClCompile>
    <ClCompile Include="src\cad\cad_obj2d.cpp">
      <Filter>ソース ファイル\cad</Filter>
    </ClCompile>
    <ClCompile Include="src\com\serialize.cpp">
      <Filter>ソース ファイル\com</Filter>
    </ClCompile>
    <ClCompile Include="src\cad\drawer_cad.cpp">
      <Filter>ソース ファイル\cad</Filter>
    </ClCompile>
    <ClCompile Include="src\com\drawer.cpp">
      <Filter>ソース ファイル\com</Filter>
    </ClCompile>
    <ClCompile Include="src\com\vector3d.cpp">
      <Filter>ソース ファイル\com</Filter>
    </ClCompile>
    <ClCompile Include="src\com\drawer_gl_utility.cpp">
      <Filter>ソース ファイル\com</Filter>
    </ClCompile>
    <ClCompile Include="src\cad\cad_elem3d.cpp">
      <Filter>ソース ファイル\cad</Filter>
    </ClCompile>
    <ClCompile Include="src\cad\cad_obj3d.cpp">
      <Filter>ソース ファイル\cad</Filter>
    </ClCompile>
    <ClCompile Include="src\cad\drawer_cad3d.cpp">
      <Filter>ソース ファイル\cad</Filter>
    </ClCompile>
    <ClCompile Include="src\msh\drawer_msh.cpp">
      <Filter>ソース ファイル\msh</Filter>
    </ClCompile>
    <ClCompile Include="src\msh\mesh3d.cpp">
      <Filter>ソース ファイル\msh</Filter>
    </ClCompile>
    <ClCompile Include="src\msh\mesh3d_extrude.cpp">
      <Filter>ソース ファイル\msh</Filter>
    </ClCompile>
    <ClCompile Include="src\msh\mesher2d.cpp">
      <Filter>ソース ファイル\msh</Filter>
    </ClCompile>
    <ClCompile Include="src\msh\mesher3d.cpp">
      <Filter>ソース ファイル\msh</Filter>
    </ClCompile>
    <ClCompile Include="src\femfield\drawer_field.cpp">
      <Filter>ソース ファイル\femfield</Filter>
    </ClCompile>
    <ClCompile Include="src\femfield\drawer_field_edge.cpp">
      <Filter>ソース ファイル\femfield</Filter>
    </ClCompile>
    <ClCompile Include="src\femfield\drawer_field_face.cpp">
      <Filter>ソース ファイル\femfield</Filter>
    </ClCompile>
    <ClCompile Include="src\femfield\drawer_field_vector.cpp">
      <Filter>ソース ファイル\femfield</Filter>
    </ClCompile>
    <ClCompile Include="src\femfield\elem_ary.cpp">
      <Filter>ソース ファイル\femfield</Filter>
    </ClCompile>
    <ClCompile Include="src\femfield\eval.cpp">
      <Filter>ソース ファイル\femfield</Filter>
    </ClCompile>
    <ClCompile Include="src\femfield\field.cpp">
      <Filter>ソース ファイル\femfield</Filter>
    </ClCompile>
    <ClCompile Include="src\femfield\field_world.cpp">
      <Filter>ソース ファイル\femfield</Filter>
    </ClCompile>
    <ClCompile Include="src\femfield\node_ary.cpp">
      <Filter>ソース ファイル\femfield</Filter>
    </ClCompile>
    <ClCompile Include="src\femfield\field_value_setter.cpp">
      <Filter>ソース ファイル\femfield</Filter>
    </ClCompile>
    <ClCompile Include="src\com\camera.cpp">
      <Filter>ソース ファイル\com</Filter>
    </ClCompile>
    <ClCompile Include="src\com\complex.cpp">
      <Filter>ソース ファイル\com</Filter>
    </ClCompile>
    <ClCompile Include="src\msh\mesh_interface.cpp">
      <Filter>ソース ファイル\msh</Filter>
    </ClCompile>
    <ClCompile Include="src\msh\meshkernel2d.cpp">
      <Filter>ソース ファイル\msh</Filter>
    </ClCompile>
    <ClCompile Include="src\msh\meshkernel3d.cpp">
      <Filter>ソース ファイル\msh</Filter>
    </ClCompile>
    <ClCompile Include="src\matvec\bcflag_blk.cpp">
      <Filter>ソース ファイル\matvec</Filter>
    </ClCompile>
    <ClCompile Include="src\matvec\vector_blk.cpp">
      <Filter>ソース ファイル\matvec</Filter>
    </ClCompile>
    <ClCompile Include="src\matvec\zvector_blk.cpp">
      <Filter>ソース ファイル\matvec</Filter>
    </ClCompile>
    <ClCompile Include="src\stub\clr_stub.cpp">
      <Filter>ソース ファイル\stub</Filter>
    </ClCompile>
    <ClCompile Include="src\femeqn\eqnsys.cpp">
      <Filter>ソース ファイル\femeqn</Filter>
    </ClCompile>
    <ClCompile Include="src\femeqn\eqnsys_solid.cpp">
      <Filter>ソース ファイル\femeqn</Filter>
    </ClCompile>
    <ClCompile Include="src\ls\eigen_lanczos.cpp">
      <Filter>ソース ファイル\ls</Filter>
    </ClCompile>
    <ClCompile Include="src\ls\linearsystem.cpp">
      <Filter>ソース ファイル\ls</Filter>
    </ClCompile>
    <ClCompile Include="src\ls\preconditioner.cpp">
      <Filter>ソース ファイル\ls</Filter>
    </ClCompile>
    <ClCompile Include="src\ls\solver_ls_iter.cpp">
      <Filter>ソース ファイル\ls</Filter>
    </ClCompile>
    <ClCompile Include="src\femls\linearsystem_field.cpp">
      <Filter>ソース ファイル\femls</Filter>
    </ClCompile>
    <ClCompile Include="src\femls\linearsystem_fieldsave.cpp">
      <Filter>ソース ファイル\femls</Filter>
    </ClCompile>
    <ClCompile Include="src\matvec\diamat_blk.cpp">
      <Filter>ソース ファイル\matvec</Filter>
    </ClCompile>
    <ClCompile Include="src\matvec\ker_mat.cpp">
      <Filter>ソース ファイル\matvec</Filter>
    </ClCompile>
    <ClCompile Include="src\matvec\mat_blkcrs.cpp">
      <Filter>ソース ファイル\matvec</Filter>
    </ClCompile>
    <ClCompile Include="src\matvec\matdia_blkcrs.cpp">
      <Filter>ソース ファイル\matvec</Filter>
    </ClCompile>
    <ClCompile Include="src\matvec\ordering_blk.cpp">
      <Filter>ソース ファイル\matvec</Filter>
    </ClCompile>
    <ClCompile Include="src\femeqn\eqn_st_venant.cpp">
      <Filter>ソース ファイル\femeqn</Filter>
    </ClCompile>
    <ClCompile Include="src\cad\brep.cpp">
      <Filter>ソース ファイル\cad</Filter>
    </ClCompile>
    <ClCompile Include="src\cad\cad_obj2d_move.cpp">
      <Filter>ソース ファイル\cad</Filter>
    </ClCompile>
    <ClCompile Include="src\cad\cad_svg.cpp">
      <Filter>ソース ファイル\cad</Filter>
    </ClCompile>
    <ClCompile Include="src\matvec\zmat_blkcrs.cpp">
      <Filter>ソース ファイル\matvec</Filter>
    </ClCompile>
    <ClCompile Include="src\matvec\zmatdia_blkcrs.cpp">
      <Filter>ソース ファイル\matvec</Filter>
    </ClCompile>
    <ClCompile Include="src\femls\zlinearsystem.cpp">
      <Filter>ソース ファイル\femls</Filter>
    </ClCompile>
    <ClCompile Include="src\femls\zpreconditioner.cpp">
      <Filter>ソース ファイル\femls</Filter>
    </ClCompile>
    <ClCompile Include="src\femls\zsolver_ls_iter.cpp">
      <Filter>ソース ファイル\femls</Filter>
    </ClCompile>
    <ClCompile Include="src\femeqn\eqn_helmholtz.cpp">
      <Filter>ソース ファイル\femeqn</Filter>
    </ClCompile>
    <ClCompile Include="src\femeqn\eqn_linear_solid2d.cpp">
      <Filter>ソース ファイル\femeqn</Filter>
    </ClCompile>
    <ClCompile Include="src\femeqn\eqn_linear_solid3d.cpp">
      <Filter>ソース ファイル\femeqn</Filter>
    </ClCompile>
    <ClCompile Include="src\femeqn\eqnsys_scalar.cpp">
      <Filter>ソース ファイル\femeqn</Filter>
    </ClCompile>
    <ClCompile Include="src\femeqn\eqn_advection_diffusion.cpp">
      <Filter>ソース ファイル\femeqn</Filter>
    </ClCompile>
    <ClCompile Include="src\femeqn\eqn_diffusion.cpp">
      <Filter>ソース ファイル\femeqn</Filter>
    </ClCompile>
    <ClCompile Include="src\femeqn\eqn_poisson.cpp">
      <Filter>ソース ファイル\femeqn</Filter>
    </ClCompile>
    <ClCompile Include="src\femeqn\eqnsys_fluid.cpp">
      <Filter>ソース ファイル\femeqn</Filter>
    </ClCompile>
    <ClCompile Include="src\femeqn\eqn_navier_stokes.cpp">
      <Filter>ソース ファイル\femeqn</Filter>
    </ClCompile>
    <ClCompile Include="src\femeqn\eqn_stokes.cpp">
      <Filter>ソース ファイル\femeqn</Filter>
    </ClCompile>
    <ClCompile Include="src\femfield\drawer_field_image_based_flow_vis.cpp">
      <Filter>ソース ファイル\femfield</Filter>
    </ClCompile>
    <ClCompile Include="src\femfield\drawer_field_streamline.cpp">
      <Filter>ソース ファイル\femfield</Filter>
    </ClCompile>
    <ClCompile Include="native_stub.cpp">
      <Filter>ソース ファイル\stub</Filter>
    </ClCompile>
    <ClCompile Include="src\femeqn\ker_emat_tri.cpp">
      <Filter>ソース ファイル\femeqn</Filter>
    </ClCompile>
    <ClCompile Include="src\femeqn\ker_emat_bar.cpp">
      <Filter>ソース ファイル\femeqn</Filter>
    </ClCompile>
    <ClCompile Include="src\femeqn\ker_emat_hex.cpp">
      <Filter>ソース ファイル\femeqn</Filter>
    </ClCompile>
    <ClCompile Include="src\femeqn\ker_emat_quad.cpp">
      <Filter>ソース ファイル\femeqn</Filter>
    </ClCompile>
    <ClCompile Include="src\femeqn\ker_emat_tet.cpp">
      <Filter>ソース ファイル\femeqn</Filter>
    </ClCompile>
    <ClCompile Include="AssemblyInfo.cpp">
      <Filter>ソース ファイル</Filter>
    </ClCompile>
    <ClCompile Include="src\rigid\linearsystem_rigid.cpp">
      <Filter>ソース ファイル\rigid</Filter>
    </ClCompile>
    <ClCompile Include="src\rigid\linearsystem_rigidfield.cpp">
      <Filter>ソース ファイル\rigid</Filter>
    </ClCompile>
    <ClCompile Include="src\rigid\rigidbody.cpp">
      <Filter>ソース ファイル\rigid</Filter>
    </ClCompile>
    <ClCompile Include="src\com\vector2d.cpp">
      <Filter>ソース ファイル\com</Filter>
    </ClCompile>
  </ItemGroup>
  <ItemGroup>
    <None Include="ReleaseNotes.txt" />
  </ItemGroup>
</Project>