
Microsoft Visual Studio Solution File, Format Version 12.00
# Visual Studio Express 2012 for Windows Desktop
Project("{FAE04EC0-301F-11D3-BF4B-00C04F79EFBC}") = "cad2d", "cad2d\cad2d.csproj", "{50EFB350-75FB-4FDF-A14B-E35DD0F3C08D}"
EndProject
Project("{FAE04EC0-301F-11D3-BF4B-00C04F79EFBC}") = "solid2d", "solid2d\solid2d.csproj", "{6735FCE8-2034-401E-92F3-27DF698653A9}"
EndProject
Project("{FAE04EC0-301F-11D3-BF4B-00C04F79EFBC}") = "solid2d_lowlev", "solid2d_lowlev\solid2d_lowlev.csproj", "{E90852A8-98AB-4B51-810D-D9B138D3AC8D}"
EndProject
Project("{FAE04EC0-301F-11D3-BF4B-00C04F79EFBC}") = "wg2d", "wg2d\wg2d.csproj", "{02FF12A1-FF39-4CC1-B2A2-138ACECC2341}"
EndProject
Project("{FAE04EC0-301F-11D3-BF4B-00C04F79EFBC}") = "cad3d", "cad3d\cad3d.csproj", "{FEF5BB1B-F373-4D4A-9DA0-587631157054}"
EndProject
Project("{FAE04EC0-301F-11D3-BF4B-00C04F79EFBC}") = "field_evaluate", "field_evaluate\field_evaluate.csproj", "{A8CEEB5A-66CC-487E-AA18-0D9E04B303F5}"
EndProject
Project("{FAE04EC0-301F-11D3-BF4B-00C04F79EFBC}") = "msh_view", "msh_view\msh_view.csproj", "{E7C5A31D-B7F4-4A36-AB1F-3D61DF50D91A}"
EndProject
Project("{FAE04EC0-301F-11D3-BF4B-00C04F79EFBC}") = "cad2d_edit", "cad2d_edit\cad2d_edit.csproj", "{0ED3DFDA-F922-47E2-BA05-70F43422C948}"
EndProject
Project("{FAE04EC0-301F-11D3-BF4B-00C04F79EFBC}") = "rigid", "rigid\rigid.csproj", "{BD363BA1-7399-4A5C-A351-AAD054B40781}"
EndProject
Project("{FAE04EC0-301F-11D3-BF4B-00C04F79EFBC}") = "helmholtz2d", "helmholtz2d\helmholtz2d.csproj", "{EDEC6A2C-EAA8-4A64-8024-8E3716C51E8F}"
EndProject
Project("{FAE04EC0-301F-11D3-BF4B-00C04F79EFBC}") = "scalar2d", "scalar2d\scalar2d.csproj", "{23EDABF3-96FA-42B6-AEE6-5B89B1E35EB6}"
EndProject
Project("{FAE04EC0-301F-11D3-BF4B-00C04F79EFBC}") = "scalar3d", "scalar3d\scalar3d.csproj", "{6A4477F1-5072-4DBE-91CE-C1F206A599F0}"
EndProject
Project("{FAE04EC0-301F-11D3-BF4B-00C04F79EFBC}") = "fluid2d", "fluid2d\fluid2d.csproj", "{F07CFCF3-30AF-4077-8194-6A30BC0E9252}"
EndProject
Project("{FAE04EC0-301F-11D3-BF4B-00C04F79EFBC}") = "solid3d", "solid3d\solid3d.csproj", "{DB8F2FF4-741D-416F-AC93-9851DE39286B}"
EndProject
Project("{FAE04EC0-301F-11D3-BF4B-00C04F79EFBC}") = "wg2d_periodic_eigen", "wg2d_periodic_eigen\wg2d_periodic_eigen.csproj", "{89E2B701-E135-426F-B3E3-D5BA88487DFF}"
EndProject
Project("{FAE04EC0-301F-11D3-BF4B-00C04F79EFBC}") = "wg2d_periodic", "wg2d_periodic\wg2d_periodic.csproj", "{E111A100-0941-41D2-979C-8BDECEAA4CE2}"
EndProject
Project("{FAE04EC0-301F-11D3-BF4B-00C04F79EFBC}") = "wg2d_periodic_eigen_k", "wg2d_periodic_eigen_k\wg2d_periodic_eigen_k.csproj", "{F871B75F-C1B5-4FFA-A5B4-19070F7D8F59}"
EndProject
Project("{FAE04EC0-301F-11D3-BF4B-00C04F79EFBC}") = "photonic_band", "photonic_band\photonic_band.csproj", "{CEEDAFA3-632E-4D15-BAA1-87C1D52D4EED}"
EndProject
Project("{FAE04EC0-301F-11D3-BF4B-00C04F79EFBC}") = "wg2d_td_abc_higher_order", "wg2d_td_abc_higher_order\wg2d_td_abc_higher_order.csproj", "{EA317345-319E-432C-8DA7-29997758DEA6}"
EndProject
Project("{FAE04EC0-301F-11D3-BF4B-00C04F79EFBC}") = "wg2d_td_pml", "wg2d_td_pml\wg2d_td_pml.csproj", "{E9BC27E8-6AF9-4C1C-BDC6-446ABA18A02E}"
EndProject
Global
	GlobalSection(SolutionConfigurationPlatforms) = preSolution
		Debug|Any CPU = Debug|Any CPU
		Debug|Mixed Platforms = Debug|Mixed Platforms
		Debug|x64 = Debug|x64
		Debug|x86 = Debug|x86
		Release|Any CPU = Release|Any CPU
		Release|Mixed Platforms = Release|Mixed Platforms
		Release|x64 = Release|x64
		Release|x86 = Release|x86
	EndGlobalSection
	GlobalSection(ProjectConfigurationPlatforms) = postSolution
		{50EFB350-75FB-4FDF-A14B-E35DD0F3C08D}.Debug|Any CPU.ActiveCfg = Debug|x86
		{50EFB350-75FB-4FDF-A14B-E35DD0F3C08D}.Debug|Mixed Platforms.ActiveCfg = Debug|x86
		{50EFB350-75FB-4FDF-A14B-E35DD0F3C08D}.Debug|Mixed Platforms.Build.0 = Debug|x86
		{50EFB350-75FB-4FDF-A14B-E35DD0F3C08D}.Debug|x64.ActiveCfg = Debug|x86
		{50EFB350-75FB-4FDF-A14B-E35DD0F3C08D}.Debug|x86.ActiveCfg = Debug|x86
		{50EFB350-75FB-4FDF-A14B-E35DD0F3C08D}.Debug|x86.Build.0 = Debug|x86
		{50EFB350-75FB-4FDF-A14B-E35DD0F3C08D}.Release|Any CPU.ActiveCfg = Release|x86
		{50EFB350-75FB-4FDF-A14B-E35DD0F3C08D}.Release|Mixed Platforms.ActiveCfg = Release|x86
		{50EFB350-75FB-4FDF-A14B-E35DD0F3C08D}.Release|Mixed Platforms.Build.0 = Release|x86
		{50EFB350-75FB-4FDF-A14B-E35DD0F3C08D}.Release|x64.ActiveCfg = Release|x86
		{50EFB350-75FB-4FDF-A14B-E35DD0F3C08D}.Release|x86.ActiveCfg = Release|x86
		{50EFB350-75FB-4FDF-A14B-E35DD0F3C08D}.Release|x86.Build.0 = Release|x86
		{6735FCE8-2034-401E-92F3-27DF698653A9}.Debug|Any CPU.ActiveCfg = Debug|x86
		{6735FCE8-2034-401E-92F3-27DF698653A9}.Debug|Mixed Platforms.ActiveCfg = Debug|x86
		{6735FCE8-2034-401E-92F3-27DF698653A9}.Debug|Mixed Platforms.Build.0 = Debug|x86
		{6735FCE8-2034-401E-92F3-27DF698653A9}.Debug|x64.ActiveCfg = Debug|x86
		{6735FCE8-2034-401E-92F3-27DF698653A9}.Debug|x86.ActiveCfg = Debug|x86
		{6735FCE8-2034-401E-92F3-27DF698653A9}.Debug|x86.Build.0 = Debug|x86
		{6735FCE8-2034-401E-92F3-27DF698653A9}.Release|Any CPU.ActiveCfg = Release|x86
		{6735FCE8-2034-401E-92F3-27DF698653A9}.Release|Mixed Platforms.ActiveCfg = Release|x86
		{6735FCE8-2034-401E-92F3-27DF698653A9}.Release|Mixed Platforms.Build.0 = Release|x86
		{6735FCE8-2034-401E-92F3-27DF698653A9}.Release|x64.ActiveCfg = Release|x86
		{6735FCE8-2034-401E-92F3-27DF698653A9}.Release|x86.ActiveCfg = Release|x86
		{6735FCE8-2034-401E-92F3-27DF698653A9}.Release|x86.Build.0 = Release|x86
		{E90852A8-98AB-4B51-810D-D9B138D3AC8D}.Debug|Any CPU.ActiveCfg = Debug|x86
		{E90852A8-98AB-4B51-810D-D9B138D3AC8D}.Debug|Mixed Platforms.ActiveCfg = Debug|x86
		{E90852A8-98AB-4B51-810D-D9B138D3AC8D}.Debug|Mixed Platforms.Build.0 = Debug|x86
		{E90852A8-98AB-4B51-810D-D9B138D3AC8D}.Debug|x64.ActiveCfg = Debug|x86
		{E90852A8-98AB-4B51-810D-D9B138D3AC8D}.Debug|x86.ActiveCfg = Debug|x86
		{E90852A8-98AB-4B51-810D-D9B138D3AC8D}.Debug|x86.Build.0 = Debug|x86
		{E90852A8-98AB-4B51-810D-D9B138D3AC8D}.Release|Any CPU.ActiveCfg = Release|x86
		{E90852A8-98AB-4B51-810D-D9B138D3AC8D}.Release|Mixed Platforms.ActiveCfg = Release|x86
		{E90852A8-98AB-4B51-810D-D9B138D3AC8D}.Release|Mixed Platforms.Build.0 = Release|x86
		{E90852A8-98AB-4B51-810D-D9B138D3AC8D}.Release|x64.ActiveCfg = Release|x86
		{E90852A8-98AB-4B51-810D-D9B138D3AC8D}.Release|x86.ActiveCfg = Release|x86
		{E90852A8-98AB-4B51-810D-D9B138D3AC8D}.Release|x86.Build.0 = Release|x86
		{02FF12A1-FF39-4CC1-B2A2-138ACECC2341}.Debug|Any CPU.ActiveCfg = Debug|x86
		{02FF12A1-FF39-4CC1-B2A2-138ACECC2341}.Debug|Mixed Platforms.ActiveCfg = Debug|x86
		{02FF12A1-FF39-4CC1-B2A2-138ACECC2341}.Debug|Mixed Platforms.Build.0 = Debug|x86
		{02FF12A1-FF39-4CC1-B2A2-138ACECC2341}.Debug|x64.ActiveCfg = Debug|x86
		{02FF12A1-FF39-4CC1-B2A2-138ACECC2341}.Debug|x86.ActiveCfg = Debug|x86
		{02FF12A1-FF39-4CC1-B2A2-138ACECC2341}.Debug|x86.Build.0 = Debug|x86
		{02FF12A1-FF39-4CC1-B2A2-138ACECC2341}.Release|Any CPU.ActiveCfg = Release|x86
		{02FF12A1-FF39-4CC1-B2A2-138ACECC2341}.Release|Mixed Platforms.ActiveCfg = Release|x86
		{02FF12A1-FF39-4CC1-B2A2-138ACECC2341}.Release|Mixed Platforms.Build.0 = Release|x86
		{02FF12A1-FF39-4CC1-B2A2-138ACECC2341}.Release|x64.ActiveCfg = Release|x86
		{02FF12A1-FF39-4CC1-B2A2-138ACECC2341}.Release|x86.ActiveCfg = Release|x86
		{02FF12A1-FF39-4CC1-B2A2-138ACECC2341}.Release|x86.Build.0 = Release|x86
		{FEF5BB1B-F373-4D4A-9DA0-587631157054}.Debug|Any CPU.ActiveCfg = Debug|x86
		{FEF5BB1B-F373-4D4A-9DA0-587631157054}.Debug|Mixed Platforms.ActiveCfg = Debug|x86
		{FEF5BB1B-F373-4D4A-9DA0-587631157054}.Debug|Mixed Platforms.Build.0 = Debug|x86
		{FEF5BB1B-F373-4D4A-9DA0-587631157054}.Debug|x64.ActiveCfg = Debug|x86
		{FEF5BB1B-F373-4D4A-9DA0-587631157054}.Debug|x86.ActiveCfg = Debug|x86
		{FEF5BB1B-F373-4D4A-9DA0-587631157054}.Debug|x86.Build.0 = Debug|x86
		{FEF5BB1B-F373-4D4A-9DA0-587631157054}.Release|Any CPU.ActiveCfg = Release|x86
		{FEF5BB1B-F373-4D4A-9DA0-587631157054}.Release|Mixed Platforms.ActiveCfg = Release|x86
		{FEF5BB1B-F373-4D4A-9DA0-587631157054}.Release|Mixed Platforms.Build.0 = Release|x86
		{FEF5BB1B-F373-4D4A-9DA0-587631157054}.Release|x64.ActiveCfg = Release|x86
		{FEF5BB1B-F373-4D4A-9DA0-587631157054}.Release|x86.ActiveCfg = Release|x86
		{FEF5BB1B-F373-4D4A-9DA0-587631157054}.Release|x86.Build.0 = Release|x86
		{A8CEEB5A-66CC-487E-AA18-0D9E04B303F5}.Debug|Any CPU.ActiveCfg = Debug|x86
		{A8CEEB5A-66CC-487E-AA18-0D9E04B303F5}.Debug|Mixed Platforms.ActiveCfg = Debug|x86
		{A8CEEB5A-66CC-487E-AA18-0D9E04B303F5}.Debug|Mixed Platforms.Build.0 = Debug|x86
		{A8CEEB5A-66CC-487E-AA18-0D9E04B303F5}.Debug|x64.ActiveCfg = Debug|x86
		{A8CEEB5A-66CC-487E-AA18-0D9E04B303F5}.Debug|x86.ActiveCfg = Debug|x86
		{A8CEEB5A-66CC-487E-AA18-0D9E04B303F5}.Debug|x86.Build.0 = Debug|x86
		{A8CEEB5A-66CC-487E-AA18-0D9E04B303F5}.Release|Any CPU.ActiveCfg = Release|x86
		{A8CEEB5A-66CC-487E-AA18-0D9E04B303F5}.Release|Mixed Platforms.ActiveCfg = Release|x86
		{A8CEEB5A-66CC-487E-AA18-0D9E04B303F5}.Release|Mixed Platforms.Build.0 = Release|x86
		{A8CEEB5A-66CC-487E-AA18-0D9E04B303F5}.Release|x64.ActiveCfg = Release|x86
		{A8CEEB5A-66CC-487E-AA18-0D9E04B303F5}.Release|x86.ActiveCfg = Release|x86
		{A8CEEB5A-66CC-487E-AA18-0D9E04B303F5}.Release|x86.Build.0 = Release|x86
		{E7C5A31D-B7F4-4A36-AB1F-3D61DF50D91A}.Debug|Any CPU.ActiveCfg = Debug|x86
		{E7C5A31D-B7F4-4A36-AB1F-3D61DF50D91A}.Debug|Mixed Platforms.ActiveCfg = Debug|x86
		{E7C5A31D-B7F4-4A36-AB1F-3D61DF50D91A}.Debug|Mixed Platforms.Build.0 = Debug|x86
		{E7C5A31D-B7F4-4A36-AB1F-3D61DF50D91A}.Debug|x64.ActiveCfg = Debug|x86
		{E7C5A31D-B7F4-4A36-AB1F-3D61DF50D91A}.Debug|x86.ActiveCfg = Debug|x86
		{E7C5A31D-B7F4-4A36-AB1F-3D61DF50D91A}.Debug|x86.Build.0 = Debug|x86
		{E7C5A31D-B7F4-4A36-AB1F-3D61DF50D91A}.Release|Any CPU.ActiveCfg = Release|x86
		{E7C5A31D-B7F4-4A36-AB1F-3D61DF50D91A}.Release|Mixed Platforms.ActiveCfg = Release|x86
		{E7C5A31D-B7F4-4A36-AB1F-3D61DF50D91A}.Release|Mixed Platforms.Build.0 = Release|x86
		{E7C5A31D-B7F4-4A36-AB1F-3D61DF50D91A}.Release|x64.ActiveCfg = Release|x86
		{E7C5A31D-B7F4-4A36-AB1F-3D61DF50D91A}.Release|x86.ActiveCfg = Release|x86
		{E7C5A31D-B7F4-4A36-AB1F-3D61DF50D91A}.Release|x86.Build.0 = Release|x86
		{0ED3DFDA-F922-47E2-BA05-70F43422C948}.Debug|Any CPU.ActiveCfg = Debug|x86
		{0ED3DFDA-F922-47E2-BA05-70F43422C948}.Debug|Mixed Platforms.ActiveCfg = Debug|x86
		{0ED3DFDA-F922-47E2-BA05-70F43422C948}.Debug|Mixed Platforms.Build.0 = Debug|x86
		{0ED3DFDA-F922-47E2-BA05-70F43422C948}.Debug|x64.ActiveCfg = Debug|x86
		{0ED3DFDA-F922-47E2-BA05-70F43422C948}.Debug|x86.ActiveCfg = Debug|x86
		{0ED3DFDA-F922-47E2-BA05-70F43422C948}.Debug|x86.Build.0 = Debug|x86
		{0ED3DFDA-F922-47E2-BA05-70F43422C948}.Release|Any CPU.ActiveCfg = Release|x86
		{0ED3DFDA-F922-47E2-BA05-70F43422C948}.Release|Mixed Platforms.ActiveCfg = Release|x86
		{0ED3DFDA-F922-47E2-BA05-70F43422C948}.Release|Mixed Platforms.Build.0 = Release|x86
		{0ED3DFDA-F922-47E2-BA05-70F43422C948}.Release|x64.ActiveCfg = Release|x86
		{0ED3DFDA-F922-47E2-BA05-70F43422C948}.Release|x86.ActiveCfg = Release|x86
		{0ED3DFDA-F922-47E2-BA05-70F43422C948}.Release|x86.Build.0 = Release|x86
		{BD363BA1-7399-4A5C-A351-AAD054B40781}.Debug|Any CPU.ActiveCfg = Debug|x86
		{BD363BA1-7399-4A5C-A351-AAD054B40781}.Debug|Mixed Platforms.ActiveCfg = Debug|x86
		{BD363BA1-7399-4A5C-A351-AAD054B40781}.Debug|Mixed Platforms.Build.0 = Debug|x86
		{BD363BA1-7399-4A5C-A351-AAD054B40781}.Debug|x64.ActiveCfg = Debug|x86
		{BD363BA1-7399-4A5C-A351-AAD054B40781}.Debug|x86.ActiveCfg = Debug|x86
		{BD363BA1-7399-4A5C-A351-AAD054B40781}.Debug|x86.Build.0 = Debug|x86
		{BD363BA1-7399-4A5C-A351-AAD054B40781}.Release|Any CPU.ActiveCfg = Release|x86
		{BD363BA1-7399-4A5C-A351-AAD054B40781}.Release|Mixed Platforms.ActiveCfg = Release|x86
		{BD363BA1-7399-4A5C-A351-AAD054B40781}.Release|Mixed Platforms.Build.0 = Release|x86
		{BD363BA1-7399-4A5C-A351-AAD054B40781}.Release|x64.ActiveCfg = Release|x86
		{BD363BA1-7399-4A5C-A351-AAD054B40781}.Release|x86.ActiveCfg = Release|x86
		{BD363BA1-7399-4A5C-A351-AAD054B40781}.Release|x86.Build.0 = Release|x86
		{EDEC6A2C-EAA8-4A64-8024-8E3716C51E8F}.Debug|Any CPU.ActiveCfg = Debug|x86
		{EDEC6A2C-EAA8-4A64-8024-8E3716C51E8F}.Debug|Mixed Platforms.ActiveCfg = Debug|x86
		{EDEC6A2C-EAA8-4A64-8024-8E3716C51E8F}.Debug|Mixed Platforms.Build.0 = Debug|x86
		{EDEC6A2C-EAA8-4A64-8024-8E3716C51E8F}.Debug|x64.ActiveCfg = Debug|x86
		{EDEC6A2C-EAA8-4A64-8024-8E3716C51E8F}.Debug|x86.ActiveCfg = Debug|x86
		{EDEC6A2C-EAA8-4A64-8024-8E3716C51E8F}.Debug|x86.Build.0 = Debug|x86
		{EDEC6A2C-EAA8-4A64-8024-8E3716C51E8F}.Release|Any CPU.ActiveCfg = Release|x86
		{EDEC6A2C-EAA8-4A64-8024-8E3716C51E8F}.Release|Mixed Platforms.ActiveCfg = Release|x86
		{EDEC6A2C-EAA8-4A64-8024-8E3716C51E8F}.Release|Mixed Platforms.Build.0 = Release|x86
		{EDEC6A2C-EAA8-4A64-8024-8E3716C51E8F}.Release|x64.ActiveCfg = Release|x86
		{EDEC6A2C-EAA8-4A64-8024-8E3716C51E8F}.Release|x86.ActiveCfg = Release|x86
		{EDEC6A2C-EAA8-4A64-8024-8E3716C51E8F}.Release|x86.Build.0 = Release|x86
		{23EDABF3-96FA-42B6-AEE6-5B89B1E35EB6}.Debug|Any CPU.ActiveCfg = Debug|x86
		{23EDABF3-96FA-42B6-AEE6-5B89B1E35EB6}.Debug|Mixed Platforms.ActiveCfg = Debug|x86
		{23EDABF3-96FA-42B6-AEE6-5B89B1E35EB6}.Debug|Mixed Platforms.Build.0 = Debug|x86
		{23EDABF3-96FA-42B6-AEE6-5B89B1E35EB6}.Debug|x64.ActiveCfg = Debug|x86
		{23EDABF3-96FA-42B6-AEE6-5B89B1E35EB6}.Debug|x86.ActiveCfg = Debug|x86
		{23EDABF3-96FA-42B6-AEE6-5B89B1E35EB6}.Debug|x86.Build.0 = Debug|x86
		{23EDABF3-96FA-42B6-AEE6-5B89B1E35EB6}.Release|Any CPU.ActiveCfg = Release|x86
		{23EDABF3-96FA-42B6-AEE6-5B89B1E35EB6}.Release|Mixed Platforms.ActiveCfg = Release|x86
		{23EDABF3-96FA-42B6-AEE6-5B89B1E35EB6}.Release|Mixed Platforms.Build.0 = Release|x86
		{23EDABF3-96FA-42B6-AEE6-5B89B1E35EB6}.Release|x64.ActiveCfg = Release|x86
		{23EDABF3-96FA-42B6-AEE6-5B89B1E35EB6}.Release|x86.ActiveCfg = Release|x86
		{23EDABF3-96FA-42B6-AEE6-5B89B1E35EB6}.Release|x86.Build.0 = Release|x86
		{6A4477F1-5072-4DBE-91CE-C1F206A599F0}.Debug|Any CPU.ActiveCfg = Debug|x86
		{6A4477F1-5072-4DBE-91CE-C1F206A599F0}.Debug|Mixed Platforms.ActiveCfg = Debug|x86
		{6A4477F1-5072-4DBE-91CE-C1F206A599F0}.Debug|Mixed Platforms.Build.0 = Debug|x86
		{6A4477F1-5072-4DBE-91CE-C1F206A599F0}.Debug|x64.ActiveCfg = Debug|x86
		{6A4477F1-5072-4DBE-91CE-C1F206A599F0}.Debug|x86.ActiveCfg = Debug|x86
		{6A4477F1-5072-4DBE-91CE-C1F206A599F0}.Debug|x86.Build.0 = Debug|x86
		{6A4477F1-5072-4DBE-91CE-C1F206A599F0}.Release|Any CPU.ActiveCfg = Release|x86
		{6A4477F1-5072-4DBE-91CE-C1F206A599F0}.Release|Mixed Platforms.ActiveCfg = Release|x86
		{6A4477F1-5072-4DBE-91CE-C1F206A599F0}.Release|Mixed Platforms.Build.0 = Release|x86
		{6A4477F1-5072-4DBE-91CE-C1F206A599F0}.Release|x64.ActiveCfg = Release|x86
		{6A4477F1-5072-4DBE-91CE-C1F206A599F0}.Release|x86.ActiveCfg = Release|x86
		{6A4477F1-5072-4DBE-91CE-C1F206A599F0}.Release|x86.Build.0 = Release|x86
		{F07CFCF3-30AF-4077-8194-6A30BC0E9252}.Debug|Any CPU.ActiveCfg = Debug|x86
		{F07CFCF3-30AF-4077-8194-6A30BC0E9252}.Debug|Mixed Platforms.ActiveCfg = Debug|x86
		{F07CFCF3-30AF-4077-8194-6A30BC0E9252}.Debug|Mixed Platforms.Build.0 = Debug|x86
		{F07CFCF3-30AF-4077-8194-6A30BC0E9252}.Debug|x64.ActiveCfg = Debug|x86
		{F07CFCF3-30AF-4077-8194-6A30BC0E9252}.Debug|x86.ActiveCfg = Debug|x86
		{F07CFCF3-30AF-4077-8194-6A30BC0E9252}.Debug|x86.Build.0 = Debug|x86
		{F07CFCF3-30AF-4077-8194-6A30BC0E9252}.Release|Any CPU.ActiveCfg = Release|x86
		{F07CFCF3-30AF-4077-8194-6A30BC0E9252}.Release|Mixed Platforms.ActiveCfg = Release|x86
		{F07CFCF3-30AF-4077-8194-6A30BC0E9252}.Release|Mixed Platforms.Build.0 = Release|x86
		{F07CFCF3-30AF-4077-8194-6A30BC0E9252}.Release|x64.ActiveCfg = Release|x86
		{F07CFCF3-30AF-4077-8194-6A30BC0E9252}.Release|x86.ActiveCfg = Release|x86
		{F07CFCF3-30AF-4077-8194-6A30BC0E9252}.Release|x86.Build.0 = Release|x86
		{DB8F2FF4-741D-416F-AC93-9851DE39286B}.Debug|Any CPU.ActiveCfg = Debug|x86
		{DB8F2FF4-741D-416F-AC93-9851DE39286B}.Debug|Mixed Platforms.ActiveCfg = Debug|x86
		{DB8F2FF4-741D-416F-AC93-9851DE39286B}.Debug|Mixed Platforms.Build.0 = Debug|x86
		{DB8F2FF4-741D-416F-AC93-9851DE39286B}.Debug|x64.ActiveCfg = Debug|x86
		{DB8F2FF4-741D-416F-AC93-9851DE39286B}.Debug|x86.ActiveCfg = Debug|x86
		{DB8F2FF4-741D-416F-AC93-9851DE39286B}.Debug|x86.Build.0 = Debug|x86
		{DB8F2FF4-741D-416F-AC93-9851DE39286B}.Release|Any CPU.ActiveCfg = Release|x86
		{DB8F2FF4-741D-416F-AC93-9851DE39286B}.Release|Mixed Platforms.ActiveCfg = Release|x86
		{DB8F2FF4-741D-416F-AC93-9851DE39286B}.Release|Mixed Platforms.Build.0 = Release|x86
		{DB8F2FF4-741D-416F-AC93-9851DE39286B}.Release|x64.ActiveCfg = Release|x86
		{DB8F2FF4-741D-416F-AC93-9851DE39286B}.Release|x86.ActiveCfg = Release|x86
		{DB8F2FF4-741D-416F-AC93-9851DE39286B}.Release|x86.Build.0 = Release|x86
		{89E2B701-E135-426F-B3E3-D5BA88487DFF}.Debug|Any CPU.ActiveCfg = Debug|x86
		{89E2B701-E135-426F-B3E3-D5BA88487DFF}.Debug|Mixed Platforms.ActiveCfg = Debug|x86
		{89E2B701-E135-426F-B3E3-D5BA88487DFF}.Debug|Mixed Platforms.Build.0 = Debug|x86
		{89E2B701-E135-426F-B3E3-D5BA88487DFF}.Debug|x64.ActiveCfg = Debug|x86
		{89E2B701-E135-426F-B3E3-D5BA88487DFF}.Debug|x86.ActiveCfg = Debug|x86
		{89E2B701-E135-426F-B3E3-D5BA88487DFF}.Debug|x86.Build.0 = Debug|x86
		{89E2B701-E135-426F-B3E3-D5BA88487DFF}.Release|Any CPU.ActiveCfg = Release|x86
		{89E2B701-E135-426F-B3E3-D5BA88487DFF}.Release|Mixed Platforms.ActiveCfg = Release|x86
		{89E2B701-E135-426F-B3E3-D5BA88487DFF}.Release|Mixed Platforms.Build.0 = Release|x86
		{89E2B701-E135-426F-B3E3-D5BA88487DFF}.Release|x64.ActiveCfg = Release|x86
		{89E2B701-E135-426F-B3E3-D5BA88487DFF}.Release|x86.ActiveCfg = Release|x86
		{89E2B701-E135-426F-B3E3-D5BA88487DFF}.Release|x86.Build.0 = Release|x86
		{E111A100-0941-41D2-979C-8BDECEAA4CE2}.Debug|Any CPU.ActiveCfg = Debug|x86
		{E111A100-0941-41D2-979C-8BDECEAA4CE2}.Debug|Mixed Platforms.ActiveCfg = Debug|x86
		{E111A100-0941-41D2-979C-8BDECEAA4CE2}.Debug|Mixed Platforms.Build.0 = Debug|x86
		{E111A100-0941-41D2-979C-8BDECEAA4CE2}.Debug|x64.ActiveCfg = Debug|x86
		{E111A100-0941-41D2-979C-8BDECEAA4CE2}.Debug|x86.ActiveCfg = Debug|x86
		{E111A100-0941-41D2-979C-8BDECEAA4CE2}.Debug|x86.Build.0 = Debug|x86
		{E111A100-0941-41D2-979C-8BDECEAA4CE2}.Release|Any CPU.ActiveCfg = Release|x86
		{E111A100-0941-41D2-979C-8BDECEAA4CE2}.Release|Mixed Platforms.ActiveCfg = Release|x86
		{E111A100-0941-41D2-979C-8BDECEAA4CE2}.Release|Mixed Platforms.Build.0 = Release|x86
		{E111A100-0941-41D2-979C-8BDECEAA4CE2}.Release|x64.ActiveCfg = Release|x86
		{E111A100-0941-41D2-979C-8BDECEAA4CE2}.Release|x86.ActiveCfg = Release|x86
		{E111A100-0941-41D2-979C-8BDECEAA4CE2}.Release|x86.Build.0 = Release|x86
		{F871B75F-C1B5-4FFA-A5B4-19070F7D8F59}.Debug|Any CPU.ActiveCfg = Debug|x86
		{F871B75F-C1B5-4FFA-A5B4-19070F7D8F59}.Debug|Mixed Platforms.ActiveCfg = Debug|x86
		{F871B75F-C1B5-4FFA-A5B4-19070F7D8F59}.Debug|Mixed Platforms.Build.0 = Debug|x86
		{F871B75F-C1B5-4FFA-A5B4-19070F7D8F59}.Debug|x64.ActiveCfg = Debug|x86
		{F871B75F-C1B5-4FFA-A5B4-19070F7D8F59}.Debug|x86.ActiveCfg = Debug|x86
		{F871B75F-C1B5-4FFA-A5B4-19070F7D8F59}.Debug|x86.Build.0 = Debug|x86
		{F871B75F-C1B5-4FFA-A5B4-19070F7D8F59}.Release|Any CPU.ActiveCfg = Release|x86
		{F871B75F-C1B5-4FFA-A5B4-19070F7D8F59}.Release|Mixed Platforms.ActiveCfg = Release|x86
		{F871B75F-C1B5-4FFA-A5B4-19070F7D8F59}.Release|Mixed Platforms.Build.0 = Release|x86
		{F871B75F-C1B5-4FFA-A5B4-19070F7D8F59}.Release|x64.ActiveCfg = Release|x86
		{F871B75F-C1B5-4FFA-A5B4-19070F7D8F59}.Release|x86.ActiveCfg = Release|x86
		{F871B75F-C1B5-4FFA-A5B4-19070F7D8F59}.Release|x86.Build.0 = Release|x86
		{CEEDAFA3-632E-4D15-BAA1-87C1D52D4EED}.Debug|Any CPU.ActiveCfg = Debug|x86
		{CEEDAFA3-632E-4D15-BAA1-87C1D52D4EED}.Debug|Mixed Platforms.ActiveCfg = Debug|x86
		{CEEDAFA3-632E-4D15-BAA1-87C1D52D4EED}.Debug|Mixed Platforms.Build.0 = Debug|x86
		{CEEDAFA3-632E-4D15-BAA1-87C1D52D4EED}.Debug|x64.ActiveCfg = Debug|x86
		{CEEDAFA3-632E-4D15-BAA1-87C1D52D4EED}.Debug|x86.ActiveCfg = Debug|x86
		{CEEDAFA3-632E-4D15-BAA1-87C1D52D4EED}.Debug|x86.Build.0 = Debug|x86
		{CEEDAFA3-632E-4D15-BAA1-87C1D52D4EED}.Release|Any CPU.ActiveCfg = Release|x86
		{CEEDAFA3-632E-4D15-BAA1-87C1D52D4EED}.Release|Mixed Platforms.ActiveCfg = Release|x86
		{CEEDAFA3-632E-4D15-BAA1-87C1D52D4EED}.Release|Mixed Platforms.Build.0 = Release|x86
		{CEEDAFA3-632E-4D15-BAA1-87C1D52D4EED}.Release|x64.ActiveCfg = Release|x86
		{CEEDAFA3-632E-4D15-BAA1-87C1D52D4EED}.Release|x86.ActiveCfg = Release|x86
		{CEEDAFA3-632E-4D15-BAA1-87C1D52D4EED}.Release|x86.Build.0 = Release|x86
		{EA317345-319E-432C-8DA7-29997758DEA6}.Debug|Any CPU.ActiveCfg = Debug|Any CPU
		{EA317345-319E-432C-8DA7-29997758DEA6}.Debug|Any CPU.Build.0 = Debug|Any CPU
		{EA317345-319E-432C-8DA7-29997758DEA6}.Debug|Mixed Platforms.ActiveCfg = Debug|Any CPU
		{EA317345-319E-432C-8DA7-29997758DEA6}.Debug|Mixed Platforms.Build.0 = Debug|Any CPU
		{EA317345-319E-432C-8DA7-29997758DEA6}.Debug|x64.ActiveCfg = Debug|Any CPU
		{EA317345-319E-432C-8DA7-29997758DEA6}.Debug|x64.Build.0 = Debug|Any CPU
		{EA317345-319E-432C-8DA7-29997758DEA6}.Debug|x86.ActiveCfg = Debug|Any CPU
		{EA317345-319E-432C-8DA7-29997758DEA6}.Release|Any CPU.ActiveCfg = Release|Any CPU
		{EA317345-319E-432C-8DA7-29997758DEA6}.Release|Any CPU.Build.0 = Release|Any CPU
		{EA317345-319E-432C-8DA7-29997758DEA6}.Release|Mixed Platforms.ActiveCfg = Release|Any CPU
		{EA317345-319E-432C-8DA7-29997758DEA6}.Release|Mixed Platforms.Build.0 = Release|Any CPU
		{EA317345-319E-432C-8DA7-29997758DEA6}.Release|x64.ActiveCfg = Release|Any CPU
		{EA317345-319E-432C-8DA7-29997758DEA6}.Release|x86.ActiveCfg = Release|Any CPU
		{E9BC27E8-6AF9-4C1C-BDC6-446ABA18A02E}.Debug|Any CPU.ActiveCfg = Debug|Any CPU
		{E9BC27E8-6AF9-4C1C-BDC6-446ABA18A02E}.Debug|Any CPU.Build.0 = Debug|Any CPU
		{E9BC27E8-6AF9-4C1C-BDC6-446ABA18A02E}.Debug|Mixed Platforms.ActiveCfg = Debug|Any CPU
		{E9BC27E8-6AF9-4C1C-BDC6-446ABA18A02E}.Debug|Mixed Platforms.Build.0 = Debug|Any CPU
		{E9BC27E8-6AF9-4C1C-BDC6-446ABA18A02E}.Debug|x64.ActiveCfg = Debug|Any CPU
		{E9BC27E8-6AF9-4C1C-BDC6-446ABA18A02E}.Debug|x86.ActiveCfg = Debug|Any CPU
		{E9BC27E8-6AF9-4C1C-BDC6-446ABA18A02E}.Release|Any CPU.ActiveCfg = Release|Any CPU
		{E9BC27E8-6AF9-4C1C-BDC6-446ABA18A02E}.Release|Any CPU.Build.0 = Release|Any CPU
		{E9BC27E8-6AF9-4C1C-BDC6-446ABA18A02E}.Release|Mixed Platforms.ActiveCfg = Release|Any CPU
		{E9BC27E8-6AF9-4C1C-BDC6-446ABA18A02E}.Release|Mixed Platforms.Build.0 = Release|Any CPU
		{E9BC27E8-6AF9-4C1C-BDC6-446ABA18A02E}.Release|x64.ActiveCfg = Release|Any CPU
		{E9BC27E8-6AF9-4C1C-BDC6-446ABA18A02E}.Release|x86.ActiveCfg = Release|Any CPU
	EndGlobalSection
	GlobalSection(SolutionProperties) = preSolution
		HideSolutionNode = FALSE
	EndGlobalSection
EndGlobal
